
Microsoft Visual Studio Solution File, Format Version 12.00
# Visual Studio Version 16
VisualStudioVersion = 16.0.29102.190
MinimumVisualStudioVersion = 10.0.40219.1
Project("{2150E333-8FDC-42A3-9474-1A3956D46DE8}") = "Tests", "Tests", "{041A9B10-A5A9-4B2E-97BD-630EE3B78578}"
EndProject
Project("{FAE04EC0-301F-11D3-BF4B-00C04F79EFBC}") = "Domain", "Domain\Domain.csproj", "{63C30363-4BBC-4CCB-A823-23BC411F5162}"
EndProject
Project("{FAE04EC0-301F-11D3-BF4B-00C04F79EFBC}") = "Services", "Services\Services.csproj", "{11809BA9-8E3B-47C9-9B17-8A113252BC25}"
EndProject
Project("{FAE04EC0-301F-11D3-BF4B-00C04F79EFBC}") = "ServicesContracts", "ServicesContracts\ServicesContracts.csproj", "{E5FBECCD-9AAE-48F0-9F42-0407BCE78431}"
EndProject
Project("{FAE04EC0-301F-11D3-BF4B-00C04F79EFBC}") = "DTOS", "DTOS\DTOS.csproj", "{55CE95C5-2ECA-4C62-8D9E-568708C1B5B8}"
EndProject
Project("{FAE04EC0-301F-11D3-BF4B-00C04F79EFBC}") = "Data", "Data\Data.csproj", "{B24480E4-0C61-46D4-9D54-6EEEB12771EF}"
EndProject
Project("{2150E333-8FDC-42A3-9474-1A3956D46DE8}") = "Persistence", "Persistence", "{B7DA41B9-74F0-4F9B-B7E5-708150324737}"
EndProject
Project("{FAE04EC0-301F-11D3-BF4B-00C04F79EFBC}") = "Flex", "Flex\Flex.csproj", "{97BEB9A1-A905-4424-9962-2CF01CEDECEB}"
EndProject
Project("{FAE04EC0-301F-11D3-BF4B-00C04F79EFBC}") = "API", "API\API.csproj", "{AABB36FB-A89F-4323-BBB6-70C0E5F69A27}"
EndProject
Project("{FAE04EC0-301F-11D3-BF4B-00C04F79EFBC}") = "Domain.Tests", "Tests\Domain.Tests\Domain.Tests.csproj", "{167DA737-5522-40CE-9D88-A83D6D4DDE2C}"
EndProject
Project("{FAE04EC0-301F-11D3-BF4B-00C04F79EFBC}") = "API.Tests", "Tests\API.Tests\API.Tests.csproj", "{EFBCB636-BD01-4826-B2C3-3B641A461614}"
EndProject
Project("{FAE04EC0-301F-11D3-BF4B-00C04F79EFBC}") = "Data.Tests", "Tests\Data.Tests\Data.Tests.csproj", "{FD232A7D-4749-40CA-9158-FDB6A606178F}"
EndProject
Project("{FAE04EC0-301F-11D3-BF4B-00C04F79EFBC}") = "Services.Tests", "Tests\Services.Tests\Services.Tests.csproj", "{6BA7CA00-A85D-43ED-9537-1948A275A668}"
EndProject
Project("{FAE04EC0-301F-11D3-BF4B-00C04F79EFBC}") = "Finfinacials", "Finfinacials\Finfinacials.csproj", "{627EB9CC-6877-4EE7-B743-6C6DDFE0BD75}"
EndProject
Global
	GlobalSection(SolutionConfigurationPlatforms) = preSolution
		Debug|Any CPU = Debug|Any CPU
		Release|Any CPU = Release|Any CPU
	EndGlobalSection
	GlobalSection(ProjectConfigurationPlatforms) = postSolution
		{63C30363-4BBC-4CCB-A823-23BC411F5162}.Debug|Any CPU.ActiveCfg = Debug|Any CPU
		{63C30363-4BBC-4CCB-A823-23BC411F5162}.Debug|Any CPU.Build.0 = Debug|Any CPU
		{63C30363-4BBC-4CCB-A823-23BC411F5162}.Release|Any CPU.ActiveCfg = Release|Any CPU
		{63C30363-4BBC-4CCB-A823-23BC411F5162}.Release|Any CPU.Build.0 = Release|Any CPU
		{11809BA9-8E3B-47C9-9B17-8A113252BC25}.Debug|Any CPU.ActiveCfg = Debug|Any CPU
		{11809BA9-8E3B-47C9-9B17-8A113252BC25}.Debug|Any CPU.Build.0 = Debug|Any CPU
		{11809BA9-8E3B-47C9-9B17-8A113252BC25}.Release|Any CPU.ActiveCfg = Release|Any CPU
		{11809BA9-8E3B-47C9-9B17-8A113252BC25}.Release|Any CPU.Build.0 = Release|Any CPU
		{E5FBECCD-9AAE-48F0-9F42-0407BCE78431}.Debug|Any CPU.ActiveCfg = Debug|Any CPU
		{E5FBECCD-9AAE-48F0-9F42-0407BCE78431}.Debug|Any CPU.Build.0 = Debug|Any CPU
		{E5FBECCD-9AAE-48F0-9F42-0407BCE78431}.Release|Any CPU.ActiveCfg = Release|Any CPU
		{E5FBECCD-9AAE-48F0-9F42-0407BCE78431}.Release|Any CPU.Build.0 = Release|Any CPU
		{55CE95C5-2ECA-4C62-8D9E-568708C1B5B8}.Debug|Any CPU.ActiveCfg = Debug|Any CPU
		{55CE95C5-2ECA-4C62-8D9E-568708C1B5B8}.Debug|Any CPU.Build.0 = Debug|Any CPU
		{55CE95C5-2ECA-4C62-8D9E-568708C1B5B8}.Release|Any CPU.ActiveCfg = Release|Any CPU
		{55CE95C5-2ECA-4C62-8D9E-568708C1B5B8}.Release|Any CPU.Build.0 = Release|Any CPU
		{B24480E4-0C61-46D4-9D54-6EEEB12771EF}.Debug|Any CPU.ActiveCfg = Debug|Any CPU
		{B24480E4-0C61-46D4-9D54-6EEEB12771EF}.Debug|Any CPU.Build.0 = Debug|Any CPU
		{B24480E4-0C61-46D4-9D54-6EEEB12771EF}.Release|Any CPU.ActiveCfg = Release|Any CPU
		{B24480E4-0C61-46D4-9D54-6EEEB12771EF}.Release|Any CPU.Build.0 = Release|Any CPU
		{97BEB9A1-A905-4424-9962-2CF01CEDECEB}.Debug|Any CPU.ActiveCfg = Debug|Any CPU
		{97BEB9A1-A905-4424-9962-2CF01CEDECEB}.Debug|Any CPU.Build.0 = Debug|Any CPU
		{97BEB9A1-A905-4424-9962-2CF01CEDECEB}.Release|Any CPU.ActiveCfg = Release|Any CPU
		{97BEB9A1-A905-4424-9962-2CF01CEDECEB}.Release|Any CPU.Build.0 = Release|Any CPU
		{AABB36FB-A89F-4323-BBB6-70C0E5F69A27}.Debug|Any CPU.ActiveCfg = Debug|Any CPU
		{AABB36FB-A89F-4323-BBB6-70C0E5F69A27}.Debug|Any CPU.Build.0 = Debug|Any CPU
		{AABB36FB-A89F-4323-BBB6-70C0E5F69A27}.Release|Any CPU.ActiveCfg = Release|Any CPU
		{AABB36FB-A89F-4323-BBB6-70C0E5F69A27}.Release|Any CPU.Build.0 = Release|Any CPU
		{167DA737-5522-40CE-9D88-A83D6D4DDE2C}.Debug|Any CPU.ActiveCfg = Debug|Any CPU
		{167DA737-5522-40CE-9D88-A83D6D4DDE2C}.Debug|Any CPU.Build.0 = Debug|Any CPU
		{167DA737-5522-40CE-9D88-A83D6D4DDE2C}.Release|Any CPU.ActiveCfg = Release|Any CPU
		{167DA737-5522-40CE-9D88-A83D6D4DDE2C}.Release|Any CPU.Build.0 = Release|Any CPU
		{EFBCB636-BD01-4826-B2C3-3B641A461614}.Debug|Any CPU.ActiveCfg = Debug|Any CPU
		{EFBCB636-BD01-4826-B2C3-3B641A461614}.Debug|Any CPU.Build.0 = Debug|Any CPU
		{EFBCB636-BD01-4826-B2C3-3B641A461614}.Release|Any CPU.ActiveCfg = Release|Any CPU
		{EFBCB636-BD01-4826-B2C3-3B641A461614}.Release|Any CPU.Build.0 = Release|Any CPU
		{FD232A7D-4749-40CA-9158-FDB6A606178F}.Debug|Any CPU.ActiveCfg = Debug|Any CPU
		{FD232A7D-4749-40CA-9158-FDB6A606178F}.Debug|Any CPU.Build.0 = Debug|Any CPU
		{FD232A7D-4749-40CA-9158-FDB6A606178F}.Release|Any CPU.ActiveCfg = Release|Any CPU
		{FD232A7D-4749-40CA-9158-FDB6A606178F}.Release|Any CPU.Build.0 = Release|Any CPU
		{6BA7CA00-A85D-43ED-9537-1948A275A668}.Debug|Any CPU.ActiveCfg = Debug|Any CPU
		{6BA7CA00-A85D-43ED-9537-1948A275A668}.Debug|Any CPU.Build.0 = Debug|Any CPU
		{6BA7CA00-A85D-43ED-9537-1948A275A668}.Release|Any CPU.ActiveCfg = Release|Any CPU
		{6BA7CA00-A85D-43ED-9537-1948A275A668}.Release|Any CPU.Build.0 = Release|Any CPU
		{627EB9CC-6877-4EE7-B743-6C6DDFE0BD75}.Debug|Any CPU.ActiveCfg = Debug|Any CPU
		{627EB9CC-6877-4EE7-B743-6C6DDFE0BD75}.Debug|Any CPU.Build.0 = Debug|Any CPU
		{627EB9CC-6877-4EE7-B743-6C6DDFE0BD75}.Release|Any CPU.ActiveCfg = Release|Any CPU
		{627EB9CC-6877-4EE7-B743-6C6DDFE0BD75}.Release|Any CPU.Build.0 = Release|Any CPU
	EndGlobalSection
	GlobalSection(SolutionProperties) = preSolution
		HideSolutionNode = FALSE
	EndGlobalSection
	GlobalSection(NestedProjects) = preSolution
		{97BEB9A1-A905-4424-9962-2CF01CEDECEB} = {B7DA41B9-74F0-4F9B-B7E5-708150324737}
		{167DA737-5522-40CE-9D88-A83D6D4DDE2C} = {041A9B10-A5A9-4B2E-97BD-630EE3B78578}
		{EFBCB636-BD01-4826-B2C3-3B641A461614} = {041A9B10-A5A9-4B2E-97BD-630EE3B78578}
		{FD232A7D-4749-40CA-9158-FDB6A606178F} = {041A9B10-A5A9-4B2E-97BD-630EE3B78578}
		{6BA7CA00-A85D-43ED-9537-1948A275A668} = {041A9B10-A5A9-4B2E-97BD-630EE3B78578}
		{627EB9CC-6877-4EE7-B743-6C6DDFE0BD75} = {B7DA41B9-74F0-4F9B-B7E5-708150324737}
	EndGlobalSection
	GlobalSection(ExtensibilityGlobals) = postSolution
		SolutionGuid = {378D8AC9-F673-4843-A30C-B8A8FC866E3E}
	EndGlobalSection
EndGlobal
